{
  "lockfile_version": "1",
  "packages": {
    "air@1.52.3": {
      "last_modified": "2024-10-13T23:44:06Z",
      "resolved": "github:NixOS/nixpkgs/d4f247e89f6e10120f911e2e2d2254a050d0f732#air",
      "source": "devbox-search",
      "version": "1.52.3",
      "systems": {
        "aarch64-darwin": {
          "outputs": [
            {
              "name": "out",
              "path": "/nix/store/rgh4bf09wirba0yy01y2y6igkkfpji0l-air-1.52.3",
              "default": true
            }
          ],
          "store_path": "/nix/store/rgh4bf09wirba0yy01y2y6igkkfpji0l-air-1.52.3"
        },
        "aarch64-linux": {
          "outputs": [
            {
              "name": "out",
              "path": "/nix/store/7lwy3aa8n68qi0rp1lfxfzwcq9wma2gk-air-1.52.3",
              "default": true
            }
          ],
          "store_path": "/nix/store/7lwy3aa8n68qi0rp1lfxfzwcq9wma2gk-air-1.52.3"
        },
        "x86_64-darwin": {
          "outputs": [
            {
              "name": "out",
              "path": "/nix/store/wn6abxmf5f541na8dskilgx1va5sag5b-air-1.52.3",
              "default": true
            }
          ],
          "store_path": "/nix/store/wn6abxmf5f541na8dskilgx1va5sag5b-air-1.52.3"
        },
        "x86_64-linux": {
          "outputs": [
            {
              "name": "out",
              "path": "/nix/store/my624kdikhj45bnx7124aa6x1pc0g4y4-air-1.52.3",
              "default": true
            }
          ],
          "store_path": "/nix/store/my624kdikhj45bnx7124aa6x1pc0g4y4-air-1.52.3"
        }
      }
    },
    "go@1.23.1": {
      "last_modified": "2024-09-10T15:01:03Z",
      "resolved": "github:NixOS/nixpkgs/5ed627539ac84809c78b2dd6d26a5cebeb5ae269#go_1_23",
      "source": "devbox-search",
      "version": "1.23.1",
      "systems": {
        "aarch64-darwin": {
          "outputs": [
            {
              "name": "out",
              "path": "/nix/store/nvaay1c4banbccyvv6ba1gzyqpypjmfq-go-1.23.1",
              "default": true
            }
          ],
          "store_path": "/nix/store/nvaay1c4banbccyvv6ba1gzyqpypjmfq-go-1.23.1"
        },
        "aarch64-linux": {
          "outputs": [
            {
              "name": "out",
              "path": "/nix/store/9ylsay11jb3p6yarkmlz0fin76cdypwa-go-1.23.1",
              "default": true
            }
          ],
          "store_path": "/nix/store/9ylsay11jb3p6yarkmlz0fin76cdypwa-go-1.23.1"
        },
        "x86_64-darwin": {
          "outputs": [
            {
              "name": "out",
              "path": "/nix/store/zkg5xhyx2rs03dq0qp14nqlx9ff1y5c5-go-1.23.1",
              "default": true
            }
          ],
          "store_path": "/nix/store/zkg5xhyx2rs03dq0qp14nqlx9ff1y5c5-go-1.23.1"
        },
        "x86_64-linux": {
          "outputs": [
            {
              "name": "out",
              "path": "/nix/store/mi0ybwsm6pmxzv9hsm6bcbqaq1pkf8wh-go-1.23.1",
              "default": true
            }
          ],
          "store_path": "/nix/store/mi0ybwsm6pmxzv9hsm6bcbqaq1pkf8wh-go-1.23.1"
        }
      }
    },
    "prettierd@0.25.3": {
      "last_modified": "2024-10-13T23:44:06Z",
      "resolved": "github:NixOS/nixpkgs/d4f247e89f6e10120f911e2e2d2254a050d0f732#prettierd",
      "source": "devbox-search",
      "version": "0.25.3",
      "systems": {
        "aarch64-darwin": {
          "outputs": [
            {
              "name": "out",
              "path": "/nix/store/zjcydc6qkhqbsarccgzs9p0q4gbw7bgz-fsouza-prettierd-0.25.3",
              "default": true
            }
          ],
          "store_path": "/nix/store/zjcydc6qkhqbsarccgzs9p0q4gbw7bgz-fsouza-prettierd-0.25.3"
        },
        "aarch64-linux": {
          "outputs": [
            {
              "name": "out",
              "path": "/nix/store/azkdmf9v7pcckxxbbyb8xj6barwvyn1a-fsouza-prettierd-0.25.3",
              "default": true
            }
          ],
          "store_path": "/nix/store/azkdmf9v7pcckxxbbyb8xj6barwvyn1a-fsouza-prettierd-0.25.3"
        },
        "x86_64-darwin": {
          "outputs": [
            {
              "name": "out",
              "path": "/nix/store/mfh53gbnmyllzdqhknwmlykb9jlda1bm-fsouza-prettierd-0.25.3",
              "default": true
            }
          ],
          "store_path": "/nix/store/mfh53gbnmyllzdqhknwmlykb9jlda1bm-fsouza-prettierd-0.25.3"
        },
        "x86_64-linux": {
          "outputs": [
            {
              "name": "out",
              "path": "/nix/store/bbx2k5jb9bw4vknngnhdlsphf1zlrl7v-fsouza-prettierd-0.25.3",
              "default": true
            }
          ],
          "store_path": "/nix/store/bbx2k5jb9bw4vknngnhdlsphf1zlrl7v-fsouza-prettierd-0.25.3"
        }
      }
    }
  }
}
