{
  "lockfile_version": "1",
  "packages": {
    "air@1.52.3": {
      "last_modified": "2024-10-13T23:44:06Z",
      "resolved": "github:NixOS/nixpkgs/d4f247e89f6e10120f911e2e2d2254a050d0f732#air",
      "source": "devbox-search",
      "version": "1.52.3",
      "systems": {
        "aarch64-darwin": {
          "outputs": [
            {
              "name": "out",
              "path": "/nix/store/rgh4bf09wirba0yy01y2y6igkkfpji0l-air-1.52.3",
              "default": true
            }
          ],
          "store_path": "/nix/store/rgh4bf09wirba0yy01y2y6igkkfpji0l-air-1.52.3"
        },
        "aarch64-linux": {
          "outputs": [
            {
              "name": "out",
              "path": "/nix/store/7lwy3aa8n68qi0rp1lfxfzwcq9wma2gk-air-1.52.3",
              "default": true
            }
          ],
          "store_path": "/nix/store/7lwy3aa8n68qi0rp1lfxfzwcq9wma2gk-air-1.52.3"
        },
        "x86_64-darwin": {
          "outputs": [
            {
              "name": "out",
              "path": "/nix/store/wn6abxmf5f541na8dskilgx1va5sag5b-air-1.52.3",
              "default": true
            }
          ],
          "store_path": "/nix/store/wn6abxmf5f541na8dskilgx1va5sag5b-air-1.52.3"
        },
        "x86_64-linux": {
          "outputs": [
            {
              "name": "out",
              "path": "/nix/store/my624kdikhj45bnx7124aa6x1pc0g4y4-air-1.52.3",
              "default": true
            }
          ],
          "store_path": "/nix/store/my624kdikhj45bnx7124aa6x1pc0g4y4-air-1.52.3"
        }
      }
    },
    "docker-compose@2.29.7": {
      "last_modified": "2024-10-13T23:44:06Z",
      "resolved": "github:NixOS/nixpkgs/d4f247e89f6e10120f911e2e2d2254a050d0f732#docker-compose",
      "source": "devbox-search",
      "version": "2.29.7",
      "systems": {
        "aarch64-darwin": {
          "outputs": [
            {
              "name": "out",
              "path": "/nix/store/25sdxy9ys1hh5vyirqmvm1kh7fynaafk-docker-compose-2.29.7",
              "default": true
            }
          ],
          "store_path": "/nix/store/25sdxy9ys1hh5vyirqmvm1kh7fynaafk-docker-compose-2.29.7"
        },
        "aarch64-linux": {
          "outputs": [
            {
              "name": "out",
              "path": "/nix/store/hkzqqix9sj8dpavlsrws01kxc6dii46r-docker-compose-2.29.7",
              "default": true
            }
          ],
          "store_path": "/nix/store/hkzqqix9sj8dpavlsrws01kxc6dii46r-docker-compose-2.29.7"
        },
        "x86_64-darwin": {
          "outputs": [
            {
              "name": "out",
              "path": "/nix/store/nmd7y6p6ybagxr1jb9nkc8gxp9xy61kw-docker-compose-2.29.7",
              "default": true
            }
          ],
          "store_path": "/nix/store/nmd7y6p6ybagxr1jb9nkc8gxp9xy61kw-docker-compose-2.29.7"
        },
        "x86_64-linux": {
          "outputs": [
            {
              "name": "out",
              "path": "/nix/store/16rixxab0y3ihlhf2gyhi89g16nn453p-docker-compose-2.29.7",
              "default": true
            }
          ],
          "store_path": "/nix/store/16rixxab0y3ihlhf2gyhi89g16nn453p-docker-compose-2.29.7"
        }
      }
    },
    "docker@27.3.1": {
      "last_modified": "2024-10-20T12:41:22Z",
      "resolved": "github:NixOS/nixpkgs/ca30f584e18024baf39c395001262ed936f27ebd#docker",
      "source": "devbox-search",
      "version": "27.3.1",
      "systems": {
        "aarch64-darwin": {
          "outputs": [
            {
              "name": "out",
              "path": "/nix/store/0ngqydb1vz2mw5qxv5sfnxhysviyg9cb-docker-27.3.1",
              "default": true
            }
          ],
          "store_path": "/nix/store/0ngqydb1vz2mw5qxv5sfnxhysviyg9cb-docker-27.3.1"
        },
        "aarch64-linux": {
          "outputs": [
            {
              "name": "out",
              "path": "/nix/store/gvfb0vykd31ybvx8dd74mwgmnj7q1i3j-docker-27.3.1",
              "default": true
            }
          ],
          "store_path": "/nix/store/gvfb0vykd31ybvx8dd74mwgmnj7q1i3j-docker-27.3.1"
        },
        "x86_64-darwin": {
          "outputs": [
            {
              "name": "out",
              "path": "/nix/store/wvp56ylkx1j35258ykqd2qvg5dpmifix-docker-27.3.1",
              "default": true
            }
          ],
          "store_path": "/nix/store/wvp56ylkx1j35258ykqd2qvg5dpmifix-docker-27.3.1"
        },
        "x86_64-linux": {
          "outputs": [
            {
              "name": "out",
              "path": "/nix/store/4f676q5nx4591n1b19vmkjwfw8s6i7lq-docker-27.3.1",
              "default": true
            }
          ],
          "store_path": "/nix/store/4f676q5nx4591n1b19vmkjwfw8s6i7lq-docker-27.3.1"
        }
      }
    },
    "gcc@14.2.0": {
      "last_modified": "2024-10-13T23:44:06Z",
      "resolved": "github:NixOS/nixpkgs/d4f247e89f6e10120f911e2e2d2254a050d0f732#gcc14",
      "source": "devbox-search",
      "version": "14.2.0",
      "systems": {
        "aarch64-darwin": {
          "outputs": [
            {
              "name": "out",
              "path": "/nix/store/i7xyzzqixlsyq6dagdldkdflps0d4lw9-gcc-wrapper-14.2.0",
              "default": true
            },
            {
              "name": "man",
              "path": "/nix/store/g2sls67kga8y4vb6097kpdb3zpmqdxpy-gcc-wrapper-14.2.0-man",
              "default": true
            },
            {
              "name": "info",
              "path": "/nix/store/d85ya5fs8z8kyydq2dawhxpx85kpxlyq-gcc-wrapper-14.2.0-info"
            }
          ],
          "store_path": "/nix/store/i7xyzzqixlsyq6dagdldkdflps0d4lw9-gcc-wrapper-14.2.0"
        },
        "aarch64-linux": {
          "outputs": [
            {
              "name": "out",
              "path": "/nix/store/91w4jfrvvvnwiy8h5vvwl5ki1miysp0m-gcc-wrapper-14.2.0",
              "default": true
            },
            {
              "name": "man",
              "path": "/nix/store/n128szf2n94kbdw498x554gnqk62mggi-gcc-wrapper-14.2.0-man",
              "default": true
            },
            {
              "name": "info",
              "path": "/nix/store/jk5p5xjpxlc0w06mcfm6apqvaasa4y6j-gcc-wrapper-14.2.0-info"
            }
          ],
          "store_path": "/nix/store/91w4jfrvvvnwiy8h5vvwl5ki1miysp0m-gcc-wrapper-14.2.0"
        },
        "x86_64-darwin": {
          "outputs": [
            {
              "name": "out",
              "path": "/nix/store/ax2r7y06m9inrnwr2vh4qla9wf5nyl5s-gcc-wrapper-14.2.0",
              "default": true
            },
            {
              "name": "man",
              "path": "/nix/store/1mglmkihmxlnyx68hnnlfd95pp7ljihx-gcc-wrapper-14.2.0-man",
              "default": true
            },
            {
              "name": "info",
              "path": "/nix/store/dmm3vkf6f8vnlb3q0l3p5g8lrbj8dwyq-gcc-wrapper-14.2.0-info"
            }
          ],
          "store_path": "/nix/store/ax2r7y06m9inrnwr2vh4qla9wf5nyl5s-gcc-wrapper-14.2.0"
        },
        "x86_64-linux": {
          "outputs": [
            {
              "name": "out",
              "path": "/nix/store/wc33h9gzwcb1z68m4jvyilpp99pvr82x-gcc-wrapper-14.2.0",
              "default": true
            },
            {
              "name": "man",
              "path": "/nix/store/flv3pqxd5p5wd0xhd8afqan2iqj9b5q1-gcc-wrapper-14.2.0-man",
              "default": true
            },
            {
              "name": "info",
              "path": "/nix/store/siwbfhvqra6p787j77r0wrs16gr5i4n9-gcc-wrapper-14.2.0-info"
            }
          ],
          "store_path": "/nix/store/wc33h9gzwcb1z68m4jvyilpp99pvr82x-gcc-wrapper-14.2.0"
        }
      }
    },
    "go@1.23.1": {
      "last_modified": "2024-09-10T15:01:03Z",
      "resolved": "github:NixOS/nixpkgs/5ed627539ac84809c78b2dd6d26a5cebeb5ae269#go_1_23",
      "source": "devbox-search",
      "version": "1.23.1",
      "systems": {
        "aarch64-darwin": {
          "outputs": [
            {
              "name": "out",
              "path": "/nix/store/nvaay1c4banbccyvv6ba1gzyqpypjmfq-go-1.23.1",
              "default": true
            }
          ],
          "store_path": "/nix/store/nvaay1c4banbccyvv6ba1gzyqpypjmfq-go-1.23.1"
        },
        "aarch64-linux": {
          "outputs": [
            {
              "name": "out",
              "path": "/nix/store/9ylsay11jb3p6yarkmlz0fin76cdypwa-go-1.23.1",
              "default": true
            }
          ],
          "store_path": "/nix/store/9ylsay11jb3p6yarkmlz0fin76cdypwa-go-1.23.1"
        },
        "x86_64-darwin": {
          "outputs": [
            {
              "name": "out",
              "path": "/nix/store/zkg5xhyx2rs03dq0qp14nqlx9ff1y5c5-go-1.23.1",
              "default": true
            }
          ],
          "store_path": "/nix/store/zkg5xhyx2rs03dq0qp14nqlx9ff1y5c5-go-1.23.1"
        },
        "x86_64-linux": {
          "outputs": [
            {
              "name": "out",
              "path": "/nix/store/mi0ybwsm6pmxzv9hsm6bcbqaq1pkf8wh-go-1.23.1",
              "default": true
            }
          ],
          "store_path": "/nix/store/mi0ybwsm6pmxzv9hsm6bcbqaq1pkf8wh-go-1.23.1"
        }
      }
    },
    "nodePackages.prettier@3.3.3": {
      "last_modified": "2024-10-13T23:44:06Z",
      "resolved": "github:NixOS/nixpkgs/d4f247e89f6e10120f911e2e2d2254a050d0f732#nodePackages.prettier",
      "source": "devbox-search",
      "version": "3.3.3",
      "systems": {
        "aarch64-darwin": {
          "outputs": [
            {
              "name": "out",
              "path": "/nix/store/1jczcm6dd1q4zvlspip8j18lfmgk3ggn-prettier-3.3.3",
              "default": true
            }
          ],
          "store_path": "/nix/store/1jczcm6dd1q4zvlspip8j18lfmgk3ggn-prettier-3.3.3"
        },
        "aarch64-linux": {
          "outputs": [
            {
              "name": "out",
              "path": "/nix/store/2nsmh6v71g47ksvspvn83r03ws4h6p82-prettier-3.3.3",
              "default": true
            }
          ],
          "store_path": "/nix/store/2nsmh6v71g47ksvspvn83r03ws4h6p82-prettier-3.3.3"
        },
        "x86_64-darwin": {
          "outputs": [
            {
              "name": "out",
              "path": "/nix/store/php6jk39i8b7ma912iwz5pjkb2lqj793-prettier-3.3.3",
              "default": true
            }
          ],
          "store_path": "/nix/store/php6jk39i8b7ma912iwz5pjkb2lqj793-prettier-3.3.3"
        },
        "x86_64-linux": {
          "outputs": [
            {
              "name": "out",
              "path": "/nix/store/57lc7a9i4zbz71lqfmqlvqxlj4ci2wvw-prettier-3.3.3",
              "default": true
            }
          ],
          "store_path": "/nix/store/57lc7a9i4zbz71lqfmqlvqxlj4ci2wvw-prettier-3.3.3"
        }
      }
    },
    "prettierd@0.25.3": {
      "last_modified": "2024-10-13T23:44:06Z",
      "resolved": "github:NixOS/nixpkgs/d4f247e89f6e10120f911e2e2d2254a050d0f732#prettierd",
      "source": "devbox-search",
      "version": "0.25.3",
      "systems": {
        "aarch64-darwin": {
          "outputs": [
            {
              "name": "out",
              "path": "/nix/store/zjcydc6qkhqbsarccgzs9p0q4gbw7bgz-fsouza-prettierd-0.25.3",
              "default": true
            }
          ],
          "store_path": "/nix/store/zjcydc6qkhqbsarccgzs9p0q4gbw7bgz-fsouza-prettierd-0.25.3"
        },
        "aarch64-linux": {
          "outputs": [
            {
              "name": "out",
              "path": "/nix/store/azkdmf9v7pcckxxbbyb8xj6barwvyn1a-fsouza-prettierd-0.25.3",
              "default": true
            }
          ],
          "store_path": "/nix/store/azkdmf9v7pcckxxbbyb8xj6barwvyn1a-fsouza-prettierd-0.25.3"
        },
        "x86_64-darwin": {
          "outputs": [
            {
              "name": "out",
              "path": "/nix/store/mfh53gbnmyllzdqhknwmlykb9jlda1bm-fsouza-prettierd-0.25.3",
              "default": true
            }
          ],
          "store_path": "/nix/store/mfh53gbnmyllzdqhknwmlykb9jlda1bm-fsouza-prettierd-0.25.3"
        },
        "x86_64-linux": {
          "outputs": [
            {
              "name": "out",
              "path": "/nix/store/bbx2k5jb9bw4vknngnhdlsphf1zlrl7v-fsouza-prettierd-0.25.3",
              "default": true
            }
          ],
          "store_path": "/nix/store/bbx2k5jb9bw4vknngnhdlsphf1zlrl7v-fsouza-prettierd-0.25.3"
        }
      }
    }
  }
}
